
Microsoft Visual Studio Solution File, Format Version 12.00
# Visual Studio Version 17
VisualStudioVersion = 17.1.32210.238
MinimumVisualStudioVersion = 10.0.40219.1
Project("{FAE04EC0-301F-11D3-BF4B-00C04F79EFBC}") = "PhamNhuViet_0237", "PhamNhuViet_0237\PhamNhuViet_0237.csproj", "{213D1D5E-357A-4EB9-BB8D-3D8B635DB8A8}"
EndProject
Global
	GlobalSection(SolutionConfigurationPlatforms) = preSolution
		Debug|Any CPU = Debug|Any CPU
		Release|Any CPU = Release|Any CPU
	EndGlobalSection
	GlobalSection(ProjectConfigurationPlatforms) = postSolution
		{213D1D5E-357A-4EB9-BB8D-3D8B635DB8A8}.Debug|Any CPU.ActiveCfg = Debug|Any CPU
		{213D1D5E-357A-4EB9-BB8D-3D8B635DB8A8}.Debug|Any CPU.Build.0 = Debug|Any CPU
		{213D1D5E-357A-4EB9-BB8D-3D8B635DB8A8}.Release|Any CPU.ActiveCfg = Release|Any CPU
		{213D1D5E-357A-4EB9-BB8D-3D8B635DB8A8}.Release|Any CPU.Build.0 = Release|Any CPU
	EndGlobalSection
	GlobalSection(SolutionProperties) = preSolution
		HideSolutionNode = FALSE
	EndGlobalSection
	GlobalSection(ExtensibilityGlobals) = postSolution
		SolutionGuid = {0593507D-D5B6-452E-A1EB-B4530B11DC85}
	EndGlobalSection
EndGlobal
